
Microsoft Visual Studio Solution File, Format Version 12.00
# Visual Studio Version 18
VisualStudioVersion = 18.6.11822.322 stable
MinimumVisualStudioVersion = 10.0.40219.1
Project("{FAE04EC0-301F-11D3-BF4B-00C04F79EFBC}") = "SirJoshua.Web", "SirJoshua.Web\SirJoshua.Web.csproj", "{99A5DD52-DF2C-98B6-8563-9162E8B25AFF}"
EndProject
Global
	GlobalSection(SolutionConfigurationPlatforms) = preSolution
		Debug|Any CPU = Debug|Any CPU
		Release|Any CPU = Release|Any CPU
	EndGlobalSection
	GlobalSection(ProjectConfigurationPlatforms) = postSolution
		{99A5DD52-DF2C-98B6-8563-9162E8B25AFF}.Debug|Any CPU.ActiveCfg = Debug|Any CPU
		{99A5DD52-DF2C-98B6-8563-9162E8B25AFF}.Debug|Any CPU.Build.0 = Debug|Any CPU
		{99A5DD52-DF2C-98B6-8563-9162E8B25AFF}.Release|Any CPU.ActiveCfg = Release|Any CPU
		{99A5DD52-DF2C-98B6-8563-9162E8B25AFF}.Release|Any CPU.Build.0 = Release|Any CPU
	EndGlobalSection
	GlobalSection(SolutionProperties) = preSolution
		HideSolutionNode = FALSE
	EndGlobalSection
	GlobalSection(ExtensibilityGlobals) = postSolution
		SolutionGuid = {6D0C3CDD-450A-4C10-8204-249DB7E51D37}
	EndGlobalSection
EndGlobal
